<?xml version="1.0" encoding="utf-8"?>
<Project ToolsVersion="4.0" xmlns="http://schemas.microsoft.com/developer/msbuild/2003">
  <ItemGroup>
    <Filter Include="Shaders">
      <UniqueIdentifier>{c1ca3bf5-3a5a-44c3-9a05-a63f9f3c9d4b}</UniqueIdentifier>
    </Filter>
    <Filter Include="PrecompiledHeaders">
      <UniqueIdentifier>{7c5b86b8-8c6a-446b-b4ac-440dcdeb6fe9}</UniqueIdentifier>
    </Filter>
    <Filter Include="Main">
      <UniqueIdentifier>{3fdab4fb-ab17-4093-b70c-5f00340d75ab}</UniqueIdentifier>
    </Filter>
    <Filter Include="Resources">
      <UniqueIdentifier>{1b8e0f9b-9444-498e-bd4d-2fecef71ef37}</UniqueIdentifier>
    </Filter>
    <Filter Include="Resources\Input">
      <UniqueIdentifier>{fcda3af4-7819-4eec-b8c5-9e77aaed229c}</UniqueIdentifier>
    </Filter>
    <Filter Include="Resources\Instances">
      <UniqueIdentifier>{970506c3-b5dc-46db-98ae-6204dda8d629}</UniqueIdentifier>
    </Filter>
    <Filter Include="Resources\Model">
      <UniqueIdentifier>{3d2b1952-5222-414e-8aa0-3923fde31e61}</UniqueIdentifier>
    </Filter>
    <Filter Include="Resources\Texture">
      <UniqueIdentifier>{e67b8da2-97e4-4578-8aa0-7c10c46aa1c6}</UniqueIdentifier>
    </Filter>
    <Filter Include="Resources\Model\Flower">
      <UniqueIdentifier>{5ee8b933-3bae-4fb3-8a06-83bcce7a9922}</UniqueIdentifier>
    </Filter>
    <Filter Include="Resources\Model\RoyalHighness">
      <UniqueIdentifier>{dbb50818-b5e4-4443-b1d6-db146ea246c4}</UniqueIdentifier>
    </Filter>
    <Filter Include="Resources\Model\Wizard">
      <UniqueIdentifier>{e11b1c3b-8dfd-4981-824f-cf526f1f3df7}</UniqueIdentifier>
    </Filter>
    <Filter Include="Resources\Texture\Flower">
      <UniqueIdentifier>{0fcf7502-a840-42ae-b6a6-5ec6d2ae8c16}</UniqueIdentifier>
    </Filter>
    <Filter Include="Resources\Texture\RoyalHighness">
      <UniqueIdentifier>{695611a1-f87f-43fd-b085-2aa085ce7e37}</UniqueIdentifier>
    </Filter>
    <Filter Include="Resources\Texture\Wizard">
      <UniqueIdentifier>{733b2737-e2c6-4aed-bfae-a5c865d50a73}</UniqueIdentifier>
    </Filter>
    <Filter Include="Command">
      <UniqueIdentifier>{3fe29f2a-5c28-4e2d-b6b0-aa6db3147156}</UniqueIdentifier>
    </Filter>
    <Filter Include="Command\Control">
      <UniqueIdentifier>{3c74b772-e5f4-4b7a-9dab-438510a9a766}</UniqueIdentifier>
    </Filter>
    <Filter Include="Component">
      <UniqueIdentifier>{4c3d1148-3020-400a-97fc-a48589acde8c}</UniqueIdentifier>
    </Filter>
    <Filter Include="Component\ModelC">
      <UniqueIdentifier>{fe30e3a8-36c8-4e62-8eaf-367738c52767}</UniqueIdentifier>
    </Filter>
    <Filter Include="Component\ModelC\ReceiverMC">
      <UniqueIdentifier>{299aec72-7096-4f95-8936-6c2749e540ff}</UniqueIdentifier>
    </Filter>
    <Filter Include="ServiceLocator">
      <UniqueIdentifier>{6fe58db1-77ad-47fe-a2b5-c2d73b8aceb2}</UniqueIdentifier>
    </Filter>
    <Filter Include="ServiceLocator\Audio">
      <UniqueIdentifier>{2ec3d1da-b927-4aa9-8fb9-dfc4895c886c}</UniqueIdentifier>
    </Filter>
  </ItemGroup>
  <ItemGroup>
    <ClCompile Include="pch.cpp">
      <Filter>PrecompiledHeaders</Filter>
    </ClCompile>
    <ClCompile Include="BingeEatingRoyalHighness.cpp">
      <Filter>Main</Filter>
    </ClCompile>
    <ClCompile Include="ControlCommand.cpp">
      <Filter>Command\Control</Filter>
    </ClCompile>
    <ClCompile Include="NextObjectCmd.cpp">
      <Filter>Command\Control</Filter>
    </ClCompile>
    <ClCompile Include="PrevObjectCmd.cpp">
      <Filter>Command\Control</Filter>
    </ClCompile>
    <ClCompile Include="ShowControlsCmd.cpp">
      <Filter>Command\Control</Filter>
    </ClCompile>
    <ClCompile Include="ControlRMC.cpp">
      <Filter>Component\ModelC\ReceiverMC</Filter>
    </ClCompile>
    <ClCompile Include="FmodAudio.cpp">
      <Filter>ServiceLocator\Audio</Filter>
    </ClCompile>
  </ItemGroup>
  <ItemGroup>
    <ClInclude Include="pch.h">
      <Filter>PrecompiledHeaders</Filter>
    </ClInclude>
    <ClInclude Include="include\ControlCommand.h">
      <Filter>Command\Control</Filter>
    </ClInclude>
    <ClInclude Include="include\NextObjectCmd.h">
      <Filter>Command\Control</Filter>
    </ClInclude>
    <ClInclude Include="include\PrevObjectCmd.h">
      <Filter>Command\Control</Filter>
    </ClInclude>
    <ClInclude Include="include\ShowControlsCmd.h">
      <Filter>Command\Control</Filter>
    </ClInclude>
    <ClInclude Include="include\ControlRMC.h">
      <Filter>Component\ModelC\ReceiverMC</Filter>
    </ClInclude>
    <ClInclude Include="include\FmodAudio.h">
      <Filter>ServiceLocator\Audio</Filter>
    </ClInclude>
  </ItemGroup>
  <ItemGroup>
    <Text Include="..\Resources\Input\Camera.txt">
      <Filter>Resources\Input</Filter>
    </Text>
    <Text Include="..\Resources\Input\Character.txt">
      <Filter>Resources\Input</Filter>
    </Text>
  </ItemGroup>
  <ItemGroup>
    <None Include="..\Resources\Instances\Flower.ins">
      <Filter>Resources\Instances</Filter>
    </None>
    <None Include="..\Resources\Model\Flower\Flower.ovm">
      <Filter>Resources\Model\Flower</Filter>
    </None>
    <None Include="..\Resources\Model\Wizard\Wizard.ovm">
      <Filter>Resources\Model\Wizard</Filter>
    </None>
    <None Include="..\Resources\Model\RoyalHighness\RoyalHighness1.ovm">
      <Filter>Resources\Model\RoyalHighness</Filter>
    </None>
    <None Include="packages.config" />
  </ItemGroup>
  <ItemGroup>
    <Image Include="..\Resources\Texture\Flower\Flower_Blue.png">
      <Filter>Resources\Texture\Flower</Filter>
    </Image>
    <Image Include="..\Resources\Texture\Flower\Flower_Red.png">
      <Filter>Resources\Texture\Flower</Filter>
    </Image>
    <Image Include="..\Resources\Texture\Wizard\Wizard_Blue_A.png">
      <Filter>Resources\Texture\Wizard</Filter>
    </Image>
    <Image Include="..\Resources\Texture\Wizard\Wizard_Blue_N.png">
      <Filter>Resources\Texture\Wizard</Filter>
    </Image>
    <Image Include="..\Resources\Texture\Wizard\Wizard_Red_A.png">
      <Filter>Resources\Texture\Wizard</Filter>
    </Image>
    <Image Include="..\Resources\Texture\Wizard\Wizard_Red_N.png">
      <Filter>Resources\Texture\Wizard</Filter>
    </Image>
    <Image Include="..\Resources\Texture\RoyalHighness\RoyalHighness_Blue_A.png">
      <Filter>Resources\Texture\RoyalHighness</Filter>
    </Image>
    <Image Include="..\Resources\Texture\RoyalHighness\RoyalHighness_Blue_N.png">
      <Filter>Resources\Texture\RoyalHighness</Filter>
    </Image>
    <Image Include="..\Resources\Texture\RoyalHighness\RoyalHighness_Red_A.png">
      <Filter>Resources\Texture\RoyalHighness</Filter>
    </Image>
    <Image Include="..\Resources\Texture\RoyalHighness\RoyalHighness_Red_N.png">
      <Filter>Resources\Texture\RoyalHighness</Filter>
    </Image>
  </ItemGroup>
</Project>