<?xml version="1.0" encoding="utf-8"?>
<Project ToolsVersion="4.0" xmlns="http://schemas.microsoft.com/developer/msbuild/2003">
  <ItemGroup>
    <Filter Include="Shaders">
      <UniqueIdentifier>{c1ca3bf5-3a5a-44c3-9a05-a63f9f3c9d4b}</UniqueIdentifier>
    </Filter>
    <Filter Include="PrecompiledHeaders">
      <UniqueIdentifier>{7c5b86b8-8c6a-446b-b4ac-440dcdeb6fe9}</UniqueIdentifier>
    </Filter>
    <Filter Include="Main">
      <UniqueIdentifier>{3fdab4fb-ab17-4093-b70c-5f00340d75ab}</UniqueIdentifier>
    </Filter>
    <Filter Include="Resources">
      <UniqueIdentifier>{1b8e0f9b-9444-498e-bd4d-2fecef71ef37}</UniqueIdentifier>
    </Filter>
    <Filter Include="Resources\Input">
      <UniqueIdentifier>{fcda3af4-7819-4eec-b8c5-9e77aaed229c}</UniqueIdentifier>
    </Filter>
    <Filter Include="Resources\Instances">
      <UniqueIdentifier>{970506c3-b5dc-46db-98ae-6204dda8d629}</UniqueIdentifier>
    </Filter>
    <Filter Include="Resources\Model">
      <UniqueIdentifier>{3d2b1952-5222-414e-8aa0-3923fde31e61}</UniqueIdentifier>
    </Filter>
    <Filter Include="Resources\Texture">
      <UniqueIdentifier>{e67b8da2-97e4-4578-8aa0-7c10c46aa1c6}</UniqueIdentifier>
    </Filter>
    <Filter Include="Resources\Model\Flower">
      <UniqueIdentifier>{5ee8b933-3bae-4fb3-8a06-83bcce7a9922}</UniqueIdentifier>
    </Filter>
    <Filter Include="Resources\Model\RoyalHighness">
      <UniqueIdentifier>{dbb50818-b5e4-4443-b1d6-db146ea246c4}</UniqueIdentifier>
    </Filter>
    <Filter Include="Resources\Model\Wizard">
      <UniqueIdentifier>{e11b1c3b-8dfd-4981-824f-cf526f1f3df7}</UniqueIdentifier>
    </Filter>
    <Filter Include="Resources\Texture\Flower">
      <UniqueIdentifier>{0fcf7502-a840-42ae-b6a6-5ec6d2ae8c16}</UniqueIdentifier>
    </Filter>
    <Filter Include="Resources\Texture\RoyalHighness">
      <UniqueIdentifier>{695611a1-f87f-43fd-b085-2aa085ce7e37}</UniqueIdentifier>
    </Filter>
    <Filter Include="Resources\Texture\Wizard">
      <UniqueIdentifier>{733b2737-e2c6-4aed-bfae-a5c865d50a73}</UniqueIdentifier>
    </Filter>
  </ItemGroup>
  <ItemGroup>
    <ClCompile Include="pch.cpp">
      <Filter>PrecompiledHeaders</Filter>
    </ClCompile>
    <ClCompile Include="BingeEatingRoyalHighness.cpp">
      <Filter>Main</Filter>
    </ClCompile>
  </ItemGroup>
  <ItemGroup>
    <ClInclude Include="pch.h">
      <Filter>PrecompiledHeaders</Filter>
    </ClInclude>
  </ItemGroup>
  <ItemGroup>
    <Text Include="..\Resources\Input\Camera.txt">
      <Filter>Resources\Input</Filter>
    </Text>
    <Text Include="..\Resources\Input\Character.txt">
      <Filter>Resources\Input</Filter>
    </Text>
  </ItemGroup>
  <ItemGroup>
    <None Include="..\Resources\Instances\Flower.ins">
      <Filter>Resources\Instances</Filter>
    </None>
    <None Include="..\Resources\Model\Flower\Flower.ovm">
      <Filter>Resources\Model\Flower</Filter>
    </None>
    <None Include="..\Resources\Model\Wizard\Wizard.ovm">
      <Filter>Resources\Model\Wizard</Filter>
    </None>
    <None Include="..\Resources\Model\RoyalHighness\RoyalHighness1.ovm">
      <Filter>Resources\Model\RoyalHighness</Filter>
    </None>
  </ItemGroup>
  <ItemGroup>
    <Image Include="..\Resources\Texture\Flower\Flower_Blue.png">
      <Filter>Resources\Texture\Flower</Filter>
    </Image>
    <Image Include="..\Resources\Texture\Flower\Flower_Red.png">
      <Filter>Resources\Texture\Flower</Filter>
    </Image>
    <Image Include="..\Resources\Texture\Wizard\Wizard_Blue_A.png">
      <Filter>Resources\Texture\Wizard</Filter>
    </Image>
    <Image Include="..\Resources\Texture\Wizard\Wizard_Blue_N.png">
      <Filter>Resources\Texture\Wizard</Filter>
    </Image>
    <Image Include="..\Resources\Texture\Wizard\Wizard_Red_A.png">
      <Filter>Resources\Texture\Wizard</Filter>
    </Image>
    <Image Include="..\Resources\Texture\Wizard\Wizard_Red_N.png">
      <Filter>Resources\Texture\Wizard</Filter>
    </Image>
    <Image Include="..\Resources\Texture\RoyalHighness\RoyalHighness_Blue_A.png">
      <Filter>Resources\Texture\RoyalHighness</Filter>
    </Image>
    <Image Include="..\Resources\Texture\RoyalHighness\RoyalHighness_Blue_N.png">
      <Filter>Resources\Texture\RoyalHighness</Filter>
    </Image>
    <Image Include="..\Resources\Texture\RoyalHighness\RoyalHighness_Red_A.png">
      <Filter>Resources\Texture\RoyalHighness</Filter>
    </Image>
    <Image Include="..\Resources\Texture\RoyalHighness\RoyalHighness_Red_N.png">
      <Filter>Resources\Texture\RoyalHighness</Filter>
    </Image>
  </ItemGroup>
</Project>